// !$*UTF8*$!
{
	archiveVersion = 1;
	classes = {
	};
	objectVersion = 46;
	objects = {

/* Begin PBXBuildFile section */
		0D8A43C81CC48DF000261036 /* main.m in Sources */ = {isa = PBXBuildFile; fileRef = 0D8A43C71CC48DF000261036 /* main.m */; };
		0D8A43CB1CC48DF000261036 /* AppDelegate.m in Sources */ = {isa = PBXBuildFile; fileRef = 0D8A43CA1CC48DF000261036 /* AppDelegate.m */; };
		0D8A43CE1CC48DF000261036 /* XIBViewController.m in Sources */ = {isa = PBXBuildFile; fileRef = 0D8A43CD1CC48DF000261036 /* XIBViewController.m */; };
		0D8A43D11CC48DF000261036 /* Main.storyboard in Resources */ = {isa = PBXBuildFile; fileRef = 0D8A43CF1CC48DF000261036 /* Main.storyboard */; };
		0D8A43D41CC48DF000261036 /* XWSegCtr.xcdatamodeld in Sources */ = {isa = PBXBuildFile; fileRef = 0D8A43D21CC48DF000261036 /* XWSegCtr.xcdatamodeld */; };
		0D8A43D61CC48DF000261036 /* Assets.xcassets in Resources */ = {isa = PBXBuildFile; fileRef = 0D8A43D51CC48DF000261036 /* Assets.xcassets */; };
		0D8A43D91CC48DF000261036 /* LaunchScreen.storyboard in Resources */ = {isa = PBXBuildFile; fileRef = 0D8A43D71CC48DF000261036 /* LaunchScreen.storyboard */; };
		0D8A43E41CC48DF000261036 /* XWSegCtrTests.m in Sources */ = {isa = PBXBuildFile; fileRef = 0D8A43E31CC48DF000261036 /* XWSegCtrTests.m */; };
		0D8A43EF1CC48DF000261036 /* XWSegCtrUITests.m in Sources */ = {isa = PBXBuildFile; fileRef = 0D8A43EE1CC48DF000261036 /* XWSegCtrUITests.m */; };
		0D8A43FE1CC490D600261036 /* XWSlideSegmentView.m in Sources */ = {isa = PBXBuildFile; fileRef = 0D8A43FD1CC490D600261036 /* XWSlideSegmentView.m */; };
		0DAC6AA21CC51B590003E9F0 /* CodeViewController.m in Sources */ = {isa = PBXBuildFile; fileRef = 0DAC6AA11CC51B590003E9F0 /* CodeViewController.m */; };
/* End PBXBuildFile section */

/* Begin PBXContainerItemProxy section */
		0D8A43E01CC48DF000261036 /* PBXContainerItemProxy */ = {
			isa = PBXContainerItemProxy;
			containerPortal = 0D8A43BB1CC48DF000261036 /* Project object */;
			proxyType = 1;
			remoteGlobalIDString = 0D8A43C21CC48DF000261036;
			remoteInfo = XWSegCtr;
		};
		0D8A43EB1CC48DF000261036 /* PBXContainerItemProxy */ = {
			isa = PBXContainerItemProxy;
			containerPortal = 0D8A43BB1CC48DF000261036 /* Project object */;
			proxyType = 1;
			remoteGlobalIDString = 0D8A43C21CC48DF000261036;
			remoteInfo = XWSegCtr;
		};
/* End PBXContainerItemProxy section */

/* Begin PBXFileReference section */
		0D8A43C31CC48DF000261036 /* XWSlideSelectView.app */ = {isa = PBXFileReference; explicitFileType = wrapper.application; includeInIndex = 0; path = XWSlideSelectView.app; sourceTree = BUILT_PRODUCTS_DIR; };
		0D8A43C71CC48DF000261036 /* main.m */ = {isa = PBXFileReference; lastKnownFileType = sourcecode.c.objc; path = main.m; sourceTree = "<group>"; };
		0D8A43C91CC48DF000261036 /* AppDelegate.h */ = {isa = PBXFileReference; lastKnownFileType = sourcecode.c.h; path = AppDelegate.h; sourceTree = "<group>"; };
		0D8A43CA1CC48DF000261036 /* AppDelegate.m */ = {isa = PBXFileReference; lastKnownFileType = sourcecode.c.objc; path = AppDelegate.m; sourceTree = "<group>"; };
		0D8A43CC1CC48DF000261036 /* XIBViewController.h */ = {isa = PBXFileReference; lastKnownFileType = sourcecode.c.h; path = XIBViewController.h; sourceTree = "<group>"; };
		0D8A43CD1CC48DF000261036 /* XIBViewController.m */ = {isa = PBXFileReference; lastKnownFileType = sourcecode.c.objc; path = XIBViewController.m; sourceTree = "<group>"; };
		0D8A43D01CC48DF000261036 /* Base */ = {isa = PBXFileReference; lastKnownFileType = file.storyboard; name = Base; path = Base.lproj/Main.storyboard; sourceTree = "<group>"; };
		0D8A43D31CC48DF000261036 /* XWSegCtr.xcdatamodel */ = {isa = PBXFileReference; lastKnownFileType = wrapper.xcdatamodel; path = XWSegCtr.xcdatamodel; sourceTree = "<group>"; };
		0D8A43D51CC48DF000261036 /* Assets.xcassets */ = {isa = PBXFileReference; lastKnownFileType = folder.assetcatalog; path = Assets.xcassets; sourceTree = "<group>"; };
		0D8A43D81CC48DF000261036 /* Base */ = {isa = PBXFileReference; lastKnownFileType = file.storyboard; name = Base; path = Base.lproj/LaunchScreen.storyboard; sourceTree = "<group>"; };
		0D8A43DA1CC48DF000261036 /* Info.plist */ = {isa = PBXFileReference; lastKnownFileType = text.plist.xml; path = Info.plist; sourceTree = "<group>"; };
		0D8A43DF1CC48DF000261036 /* XWSlideSelectViewTests.xctest */ = {isa = PBXFileReference; explicitFileType = wrapper.cfbundle; includeInIndex = 0; path = XWSlideSelectViewTests.xctest; sourceTree = BUILT_PRODUCTS_DIR; };
		0D8A43E31CC48DF000261036 /* XWSegCtrTests.m */ = {isa = PBXFileReference; lastKnownFileType = sourcecode.c.objc; path = XWSegCtrTests.m; sourceTree = "<group>"; };
		0D8A43E51CC48DF000261036 /* Info.plist */ = {isa = PBXFileReference; lastKnownFileType = text.plist.xml; path = Info.plist; sourceTree = "<group>"; };
		0D8A43EA1CC48DF000261036 /* XWSlideSelectViewUITests.xctest */ = {isa = PBXFileReference; explicitFileType = wrapper.cfbundle; includeInIndex = 0; path = XWSlideSelectViewUITests.xctest; sourceTree = BUILT_PRODUCTS_DIR; };
		0D8A43EE1CC48DF000261036 /* XWSegCtrUITests.m */ = {isa = PBXFileReference; lastKnownFileType = sourcecode.c.objc; path = XWSegCtrUITests.m; sourceTree = "<group>"; };
		0D8A43F01CC48DF000261036 /* Info.plist */ = {isa = PBXFileReference; lastKnownFileType = text.plist.xml; path = Info.plist; sourceTree = "<group>"; };
		0D8A43FC1CC490D600261036 /* XWSlideSegmentView.h */ = {isa = PBXFileReference; fileEncoding = 4; lastKnownFileType = sourcecode.c.h; path = XWSlideSegmentView.h; sourceTree = "<group>"; };
		0D8A43FD1CC490D600261036 /* XWSlideSegmentView.m */ = {isa = PBXFileReference; fileEncoding = 4; lastKnownFileType = sourcecode.c.objc; path = XWSlideSegmentView.m; sourceTree = "<group>"; };
		0DAC6AA01CC51B590003E9F0 /* CodeViewController.h */ = {isa = PBXFileReference; fileEncoding = 4; lastKnownFileType = sourcecode.c.h; path = CodeViewController.h; sourceTree = "<group>"; };
		0DAC6AA11CC51B590003E9F0 /* CodeViewController.m */ = {isa = PBXFileReference; fileEncoding = 4; lastKnownFileType = sourcecode.c.objc; path = CodeViewController.m; sourceTree = "<group>"; };
/* End PBXFileReference section */

/* Begin PBXFrameworksBuildPhase section */
		0D8A43C01CC48DF000261036 /* Frameworks */ = {
			isa = PBXFrameworksBuildPhase;
			buildActionMask = 2147483647;
			files = (
			);
			runOnlyForDeploymentPostprocessing = 0;
		};
		0D8A43DC1CC48DF000261036 /* Frameworks */ = {
			isa = PBXFrameworksBuildPhase;
			buildActionMask = 2147483647;
			files = (
			);
			runOnlyForDeploymentPostprocessing = 0;
		};
		0D8A43E71CC48DF000261036 /* Frameworks */ = {
			isa = PBXFrameworksBuildPhase;
			buildActionMask = 2147483647;
			files = (
			);
			runOnlyForDeploymentPostprocessing = 0;
		};
/* End PBXFrameworksBuildPhase section */

/* Begin PBXGroup section */
		0D8A43BA1CC48DF000261036 = {
			isa = PBXGroup;
			children = (
				0D8A43C51CC48DF000261036 /* XWSegCtr */,
				0D8A43E21CC48DF000261036 /* XWSegCtrTests */,
				0D8A43ED1CC48DF000261036 /* XWSegCtrUITests */,
				0D8A43C41CC48DF000261036 /* Products */,
			);
			sourceTree = "<group>";
		};
		0D8A43C41CC48DF000261036 /* Products */ = {
			isa = PBXGroup;
			children = (
				0D8A43C31CC48DF000261036 /* XWSlideSelectView.app */,
				0D8A43DF1CC48DF000261036 /* XWSlideSelectViewTests.xctest */,
				0D8A43EA1CC48DF000261036 /* XWSlideSelectViewUITests.xctest */,
			);
			name = Products;
			sourceTree = "<group>";
		};
		0D8A43C51CC48DF000261036 /* XWSegCtr */ = {
			isa = PBXGroup;
			children = (
				0D8A43C91CC48DF000261036 /* AppDelegate.h */,
				0D8A43CA1CC48DF000261036 /* AppDelegate.m */,
				0D8A43CC1CC48DF000261036 /* XIBViewController.h */,
				0D8A43CD1CC48DF000261036 /* XIBViewController.m */,
				0DAC6AA01CC51B590003E9F0 /* CodeViewController.h */,
				0DAC6AA11CC51B590003E9F0 /* CodeViewController.m */,
				0D8A43FC1CC490D600261036 /* XWSlideSegmentView.h */,
				0D8A43FD1CC490D600261036 /* XWSlideSegmentView.m */,
				0D8A43CF1CC48DF000261036 /* Main.storyboard */,
				0D8A43D51CC48DF000261036 /* Assets.xcassets */,
				0D8A43D71CC48DF000261036 /* LaunchScreen.storyboard */,
				0D8A43DA1CC48DF000261036 /* Info.plist */,
				0D8A43D21CC48DF000261036 /* XWSegCtr.xcdatamodeld */,
				0D8A43C61CC48DF000261036 /* Supporting Files */,
			);
			path = XWSegCtr;
			sourceTree = "<group>";
		};
		0D8A43C61CC48DF000261036 /* Supporting Files */ = {
			isa = PBXGroup;
			children = (
				0D8A43C71CC48DF000261036 /* main.m */,
			);
			name = "Supporting Files";
			sourceTree = "<group>";
		};
		0D8A43E21CC48DF000261036 /* XWSegCtrTests */ = {
			isa = PBXGroup;
			children = (
				0D8A43E31CC48DF000261036 /* XWSegCtrTests.m */,
				0D8A43E51CC48DF000261036 /* Info.plist */,
			);
			path = XWSegCtrTests;
			sourceTree = "<group>";
		};
		0D8A43ED1CC48DF000261036 /* XWSegCtrUITests */ = {
			isa = PBXGroup;
			children = (
				0D8A43EE1CC48DF000261036 /* XWSegCtrUITests.m */,
				0D8A43F01CC48DF000261036 /* Info.plist */,
			);
			path = XWSegCtrUITests;
			sourceTree = "<group>";
		};
/* End PBXGroup section */

/* Begin PBXNativeTarget section */
		0D8A43C21CC48DF000261036 /* XWSlideSelectView */ = {
			isa = PBXNativeTarget;
			buildConfigurationList = 0D8A43F31CC48DF000261036 /* Build configuration list for PBXNativeTarget "XWSlideSelectView" */;
			buildPhases = (
				0D8A43BF1CC48DF000261036 /* Sources */,
				0D8A43C01CC48DF000261036 /* Frameworks */,
				0D8A43C11CC48DF000261036 /* Resources */,
			);
			buildRules = (
			);
			dependencies = (
			);
			name = XWSlideSelectView;
			productName = XWSegCtr;
			productReference = 0D8A43C31CC48DF000261036 /* XWSlideSelectView.app */;
			productType = "com.apple.product-type.application";
		};
		0D8A43DE1CC48DF000261036 /* XWSlideSelectViewTests */ = {
			isa = PBXNativeTarget;
			buildConfigurationList = 0D8A43F61CC48DF000261036 /* Build configuration list for PBXNativeTarget "XWSlideSelectViewTests" */;
			buildPhases = (
				0D8A43DB1CC48DF000261036 /* Sources */,
				0D8A43DC1CC48DF000261036 /* Frameworks */,
				0D8A43DD1CC48DF000261036 /* Resources */,
			);
			buildRules = (
			);
			dependencies = (
				0D8A43E11CC48DF000261036 /* PBXTargetDependency */,
			);
			name = XWSlideSelectViewTests;
			productName = XWSegCtrTests;
			productReference = 0D8A43DF1CC48DF000261036 /* XWSlideSelectViewTests.xctest */;
			productType = "com.apple.product-type.bundle.unit-test";
		};
		0D8A43E91CC48DF000261036 /* XWSlideSelectViewUITests */ = {
			isa = PBXNativeTarget;
			buildConfigurationList = 0D8A43F91CC48DF000261036 /* Build configuration list for PBXNativeTarget "XWSlideSelectViewUITests" */;
			buildPhases = (
				0D8A43E61CC48DF000261036 /* Sources */,
				0D8A43E71CC48DF000261036 /* Frameworks */,
				0D8A43E81CC48DF000261036 /* Resources */,
			);
			buildRules = (
			);
			dependencies = (
				0D8A43EC1CC48DF000261036 /* PBXTargetDependency */,
			);
			name = XWSlideSelectViewUITests;
			productName = XWSegCtrUITests;
			productReference = 0D8A43EA1CC48DF000261036 /* XWSlideSelectViewUITests.xctest */;
			productType = "com.apple.product-type.bundle.ui-testing";
		};
/* End PBXNativeTarget section */

/* Begin PBXProject section */
		0D8A43BB1CC48DF000261036 /* Project object */ = {
			isa = PBXProject;
			attributes = {
				LastUpgradeCheck = 0920;
				ORGANIZATIONNAME = viviwu;
				TargetAttributes = {
					0D8A43C21CC48DF000261036 = {
						CreatedOnToolsVersion = 7.3;
					};
					0D8A43DE1CC48DF000261036 = {
						CreatedOnToolsVersion = 7.3;
						TestTargetID = 0D8A43C21CC48DF000261036;
					};
					0D8A43E91CC48DF000261036 = {
						CreatedOnToolsVersion = 7.3;
						TestTargetID = 0D8A43C21CC48DF000261036;
					};
				};
			};
			buildConfigurationList = 0D8A43BE1CC48DF000261036 /* Build configuration list for PBXProject "XWSlideSelectView" */;
			compatibilityVersion = "Xcode 3.2";
			developmentRegion = English;
			hasScannedForEncodings = 0;
			knownRegions = (
				en,
				Base,
			);
			mainGroup = 0D8A43BA1CC48DF000261036;
			productRefGroup = 0D8A43C41CC48DF000261036 /* Products */;
			projectDirPath = "";
			projectRoot = "";
			targets = (
				0D8A43C21CC48DF000261036 /* XWSlideSelectView */,
				0D8A43DE1CC48DF000261036 /* XWSlideSelectViewTests */,
				0D8A43E91CC48DF000261036 /* XWSlideSelectViewUITests */,
			);
		};
/* End PBXProject section */

/* Begin PBXResourcesBuildPhase section */
		0D8A43C11CC48DF000261036 /* Resources */ = {
			isa = PBXResourcesBuildPhase;
			buildActionMask = 2147483647;
			files = (
				0D8A43D91CC48DF000261036 /* LaunchScreen.storyboard in Resources */,
				0D8A43D61CC48DF000261036 /* Assets.xcassets in Resources */,
				0D8A43D11CC48DF000261036 /* Main.storyboard in Resources */,
			);
			runOnlyForDeploymentPostprocessing = 0;
		};
		0D8A43DD1CC48DF000261036 /* Resources */ = {
			isa = PBXResourcesBuildPhase;
			buildActionMask = 2147483647;
			files = (
			);
			runOnlyForDeploymentPostprocessing = 0;
		};
		0D8A43E81CC48DF000261036 /* Resources */ = {
			isa = PBXResourcesBuildPhase;
			buildActionMask = 2147483647;
			files = (
			);
			runOnlyForDeploymentPostprocessing = 0;
		};
/* End PBXResourcesBuildPhase section */

/* Begin PBXSourcesBuildPhase section */
		0D8A43BF1CC48DF000261036 /* Sources */ = {
			isa = PBXSourcesBuildPhase;
			buildActionMask = 2147483647;
			files = (
				0D8A43D41CC48DF000261036 /* XWSegCtr.xcdatamodeld in Sources */,
				0D8A43CE1CC48DF000261036 /* XIBViewController.m in Sources */,
				0D8A43FE1CC490D600261036 /* XWSlideSegmentView.m in Sources */,
				0D8A43CB1CC48DF000261036 /* AppDelegate.m in Sources */,
				0D8A43C81CC48DF000261036 /* main.m in Sources */,
				0DAC6AA21CC51B590003E9F0 /* CodeViewController.m in Sources */,
			);
			runOnlyForDeploymentPostprocessing = 0;
		};
		0D8A43DB1CC48DF000261036 /* Sources */ = {
			isa = PBXSourcesBuildPhase;
			buildActionMask = 2147483647;
			files = (
				0D8A43E41CC48DF000261036 /* XWSegCtrTests.m in Sources */,
			);
			runOnlyForDeploymentPostprocessing = 0;
		};
		0D8A43E61CC48DF000261036 /* Sources */ = {
			isa = PBXSourcesBuildPhase;
			buildActionMask = 2147483647;
			files = (
				0D8A43EF1CC48DF000261036 /* XWSegCtrUITests.m in Sources */,
			);
			runOnlyForDeploymentPostprocessing = 0;
		};
/* End PBXSourcesBuildPhase section */

/* Begin PBXTargetDependency section */
		0D8A43E11CC48DF000261036 /* PBXTargetDependency */ = {
			isa = PBXTargetDependency;
			target = 0D8A43C21CC48DF000261036 /* XWSlideSelectView */;
			targetProxy = 0D8A43E01CC48DF000261036 /* PBXContainerItemProxy */;
		};
		0D8A43EC1CC48DF000261036 /* PBXTargetDependency */ = {
			isa = PBXTargetDependency;
			target = 0D8A43C21CC48DF000261036 /* XWSlideSelectView */;
			targetProxy = 0D8A43EB1CC48DF000261036 /* PBXContainerItemProxy */;
		};
/* End PBXTargetDependency section */

/* Begin PBXVariantGroup section */
		0D8A43CF1CC48DF000261036 /* Main.storyboard */ = {
			isa = PBXVariantGroup;
			children = (
				0D8A43D01CC48DF000261036 /* Base */,
			);
			name = Main.storyboard;
			sourceTree = "<group>";
		};
		0D8A43D71CC48DF000261036 /* LaunchScreen.storyboard */ = {
			isa = PBXVariantGroup;
			children = (
				0D8A43D81CC48DF000261036 /* Base */,
			);
			name = LaunchScreen.storyboard;
			sourceTree = "<group>";
		};
/* End PBXVariantGroup section */

/* Begin XCBuildConfiguration section */
		0D8A43F11CC48DF000261036 /* Debug */ = {
			isa = XCBuildConfiguration;
			buildSettings = {
				ALWAYS_SEARCH_USER_PATHS = NO;
				CLANG_ANALYZER_NONNULL = YES;
				CLANG_CXX_LANGUAGE_STANDARD = "gnu++0x";
				CLANG_CXX_LIBRARY = "libc++";
				CLANG_ENABLE_MODULES = YES;
				CLANG_ENABLE_OBJC_ARC = YES;
				CLANG_WARN_BLOCK_CAPTURE_AUTORELEASING = YES;
				CLANG_WARN_BOOL_CONVERSION = YES;
				CLANG_WARN_COMMA = YES;
				CLANG_WARN_CONSTANT_CONVERSION = YES;
				CLANG_WARN_DIRECT_OBJC_ISA_USAGE = YES_ERROR;
				CLANG_WARN_EMPTY_BODY = YES;
				CLANG_WARN_ENUM_CONVERSION = YES;
				CLANG_WARN_INFINITE_RECURSION = YES;
				CLANG_WARN_INT_CONVERSION = YES;
				CLANG_WARN_NON_LITERAL_NULL_CONVERSION = YES;
				CLANG_WARN_OBJC_LITERAL_CONVERSION = YES;
				CLANG_WARN_OBJC_ROOT_CLASS = YES_ERROR;
				CLANG_WARN_RANGE_LOOP_ANALYSIS = YES;
				CLANG_WARN_STRICT_PROTOTYPES = YES;
				CLANG_WARN_SUSPICIOUS_MOVE = YES;
				CLANG_WARN_UNREACHABLE_CODE = YES;
				CLANG_WARN__DUPLICATE_METHOD_MATCH = YES;
				"CODE_SIGN_IDENTITY[sdk=iphoneos*]" = "iPhone Developer";
				COPY_PHASE_STRIP = NO;
				DEBUG_INFORMATION_FORMAT = dwarf;
				ENABLE_STRICT_OBJC_MSGSEND = YES;
				ENABLE_TESTABILITY = YES;
				GCC_C_LANGUAGE_STANDARD = gnu99;
				GCC_DYNAMIC_NO_PIC = NO;
				GCC_NO_COMMON_BLOCKS = YES;
				GCC_OPTIMIZATION_LEVEL = 0;
				GCC_PREPROCESSOR_DEFINITIONS = (
					"DEBUG=1",
					"$(inherited)",
				);
				GCC_WARN_64_TO_32_BIT_CONVERSION = YES;
				GCC_WARN_ABOUT_RETURN_TYPE = YES_ERROR;
				GCC_WARN_UNDECLARED_SELECTOR = YES;
				GCC_WARN_UNINITIALIZED_AUTOS = YES_AGGRESSIVE;
				GCC_WARN_UNUSED_FUNCTION = YES;
				GCC_WARN_UNUSED_VARIABLE = YES;
				IPHONEOS_DEPLOYMENT_TARGET = 9.3;
				MTL_ENABLE_DEBUG_INFO = YES;
				ONLY_ACTIVE_ARCH = YES;
				SDKROOT = iphoneos;
			};
			name = Debug;
		};
		0D8A43F21CC48DF000261036 /* Release */ = {
			isa = XCBuildConfiguration;
			buildSettings = {
				ALWAYS_SEARCH_USER_PATHS = NO;
				CLANG_ANALYZER_NONNULL = YES;
				CLANG_CXX_LANGUAGE_STANDARD = "gnu++0x";
				CLANG_CXX_LIBRARY = "libc++";
				CLANG_ENABLE_MODULES = YES;
				CLANG_ENABLE_OBJC_ARC = YES;
				CLANG_WARN_BLOCK_CAPTURE_AUTORELEASING = YES;
				CLANG_WARN_BOOL_CONVERSION = YES;
				CLANG_WARN_COMMA = YES;
				CLANG_WARN_CONSTANT_CONVERSION = YES;
				CLANG_WARN_DIRECT_OBJC_ISA_USAGE = YES_ERROR;
				CLANG_WARN_EMPTY_BODY = YES;
				CLANG_WARN_ENUM_CONVERSION = YES;
				CLANG_WARN_INFINITE_RECURSION = YES;
				CLANG_WARN_INT_CONVERSION = YES;
				CLANG_WARN_NON_LITERAL_NULL_CONVERSION = YES;
				CLANG_WARN_OBJC_LITERAL_CONVERSION = YES;
				CLANG_WARN_OBJC_ROOT_CLASS = YES_ERROR;
				CLANG_WARN_RANGE_LOOP_ANALYSIS = YES;
				CLANG_WARN_STRICT_PROTOTYPES = YES;
				CLANG_WARN_SUSPICIOUS_MOVE = YES;
				CLANG_WARN_UNREACHABLE_CODE = YES;
				CLANG_WARN__DUPLICATE_METHOD_MATCH = YES;
				"CODE_SIGN_IDENTITY[sdk=iphoneos*]" = "iPhone Developer";
				COPY_PHASE_STRIP = NO;
				DEBUG_INFORMATION_FORMAT = "dwarf-with-dsym";
				ENABLE_NS_ASSERTIONS = NO;
				ENABLE_STRICT_OBJC_MSGSEND = YES;
				GCC_C_LANGUAGE_STANDARD = gnu99;
				GCC_NO_COMMON_BLOCKS = YES;
				GCC_WARN_64_TO_32_BIT_CONVERSION = YES;
				GCC_WARN_ABOUT_RETURN_TYPE = YES_ERROR;
				GCC_WARN_UNDECLARED_SELECTOR = YES;
				GCC_WARN_UNINITIALIZED_AUTOS = YES_AGGRESSIVE;
				GCC_WARN_UNUSED_FUNCTION = YES;
				GCC_WARN_UNUSED_VARIABLE = YES;
				IPHONEOS_DEPLOYMENT_TARGET = 9.3;
				MTL_ENABLE_DEBUG_INFO = NO;
				SDKROOT = iphoneos;
				VALIDATE_PRODUCT = YES;
			};
			name = Release;
		};
		0D8A43F41CC48DF000261036 /* Debug */ = {
			isa = XCBuildConfiguration;
			buildSettings = {
				ASSETCATALOG_COMPILER_APPICON_NAME = AppIcon;
				INFOPLIST_FILE = XWSegCtr/Info.plist;
				LD_RUNPATH_SEARCH_PATHS = "$(inherited) @executable_path/Frameworks";
				PRODUCT_BUNDLE_IDENTIFIER = WU.XWSegCtr;
				PRODUCT_NAME = "$(TARGET_NAME)";
			};
			name = Debug;
		};
		0D8A43F51CC48DF000261036 /* Release */ = {
			isa = XCBuildConfiguration;
			buildSettings = {
				ASSETCATALOG_COMPILER_APPICON_NAME = AppIcon;
				INFOPLIST_FILE = XWSegCtr/Info.plist;
				LD_RUNPATH_SEARCH_PATHS = "$(inherited) @executable_path/Frameworks";
				PRODUCT_BUNDLE_IDENTIFIER = WU.XWSegCtr;
				PRODUCT_NAME = "$(TARGET_NAME)";
			};
			name = Release;
		};
		0D8A43F71CC48DF000261036 /* Debug */ = {
			isa = XCBuildConfiguration;
			buildSettings = {
				BUNDLE_LOADER = "$(TEST_HOST)";
				INFOPLIST_FILE = XWSegCtrTests/Info.plist;
				LD_RUNPATH_SEARCH_PATHS = "$(inherited) @executable_path/Frameworks @loader_path/Frameworks";
				PRODUCT_BUNDLE_IDENTIFIER = WU.XWSegCtrTests;
				PRODUCT_NAME = "$(TARGET_NAME)";
				TEST_HOST = "$(BUILT_PRODUCTS_DIR)/XWSlideSelectView.app/XWSlideSelectView";
			};
			name = Debug;
		};
		0D8A43F81CC48DF000261036 /* Release */ = {
			isa = XCBuildConfiguration;
			buildSettings = {
				BUNDLE_LOADER = "$(TEST_HOST)";
				INFOPLIST_FILE = XWSegCtrTests/Info.plist;
				LD_RUNPATH_SEARCH_PATHS = "$(inherited) @executable_path/Frameworks @loader_path/Frameworks";
				PRODUCT_BUNDLE_IDENTIFIER = WU.XWSegCtrTests;
				PRODUCT_NAME = "$(TARGET_NAME)";
				TEST_HOST = "$(BUILT_PRODUCTS_DIR)/XWSlideSelectView.app/XWSlideSelectView";
			};
			name = Release;
		};
		0D8A43FA1CC48DF000261036 /* Debug */ = {
			isa = XCBuildConfiguration;
			buildSettings = {
				INFOPLIST_FILE = XWSegCtrUITests/Info.plist;
				LD_RUNPATH_SEARCH_PATHS = "$(inherited) @executable_path/Frameworks @loader_path/Frameworks";
				PRODUCT_BUNDLE_IDENTIFIER = WU.XWSegCtrUITests;
				PRODUCT_NAME = "$(TARGET_NAME)";
				TEST_TARGET_NAME = XWSegCtr;
			};
			name = Debug;
		};
		0D8A43FB1CC48DF000261036 /* Release */ = {
			isa = XCBuildConfiguration;
			buildSettings = {
				INFOPLIST_FILE = XWSegCtrUITests/Info.plist;
				LD_RUNPATH_SEARCH_PATHS = "$(inherited) @executable_path/Frameworks @loader_path/Frameworks";
				PRODUCT_BUNDLE_IDENTIFIER = WU.XWSegCtrUITests;
				PRODUCT_NAME = "$(TARGET_NAME)";
				TEST_TARGET_NAME = XWSegCtr;
			};
			name = Release;
		};
/* End XCBuildConfiguration section */

/* Begin XCConfigurationList section */
		0D8A43BE1CC48DF000261036 /* Build configuration list for PBXProject "XWSlideSelectView" */ = {
			isa = XCConfigurationList;
			buildConfigurations = (
				0D8A43F11CC48DF000261036 /* Debug */,
				0D8A43F21CC48DF000261036 /* Release */,
			);
			defaultConfigurationIsVisible = 0;
			defaultConfigurationName = Release;
		};
		0D8A43F31CC48DF000261036 /* Build configuration list for PBXNativeTarget "XWSlideSelectView" */ = {
			isa = XCConfigurationList;
			buildConfigurations = (
				0D8A43F41CC48DF000261036 /* Debug */,
				0D8A43F51CC48DF000261036 /* Release */,
			);
			defaultConfigurationIsVisible = 0;
			defaultConfigurationName = Release;
		};
		0D8A43F61CC48DF000261036 /* Build configuration list for PBXNativeTarget "XWSlideSelectViewTests" */ = {
			isa = XCConfigurationList;
			buildConfigurations = (
				0D8A43F71CC48DF000261036 /* Debug */,
				0D8A43F81CC48DF000261036 /* Release */,
			);
			defaultConfigurationIsVisible = 0;
			defaultConfigurationName = Release;
		};
		0D8A43F91CC48DF000261036 /* Build configuration list for PBXNativeTarget "XWSlideSelectViewUITests" */ = {
			isa = XCConfigurationList;
			buildConfigurations = (
				0D8A43FA1CC48DF000261036 /* Debug */,
				0D8A43FB1CC48DF000261036 /* Release */,
			);
			defaultConfigurationIsVisible = 0;
			defaultConfigurationName = Release;
		};
/* End XCConfigurationList section */

/* Begin XCVersionGroup section */
		0D8A43D21CC48DF000261036 /* XWSegCtr.xcdatamodeld */ = {
			isa = XCVersionGroup;
			children = (
				0D8A43D31CC48DF000261036 /* XWSegCtr.xcdatamodel */,
			);
			currentVersion = 0D8A43D31CC48DF000261036 /* XWSegCtr.xcdatamodel */;
			path = XWSegCtr.xcdatamodeld;
			sourceTree = "<group>";
			versionGroupType = wrapper.xcdatamodel;
		};
/* End XCVersionGroup section */
	};
	rootObject = 0D8A43BB1CC48DF000261036 /* Project object */;
}
